<?xml version="1.0" encoding="utf-8"?>
<Project ToolsVersion="4.0" xmlns="http://schemas.microsoft.com/developer/msbuild/2003">
  <ItemGroup>
    <Filter Include="Source Files">
      <UniqueIdentifier>{4FC737F1-C7A5-4376-A066-2A32D752A2FF}</UniqueIdentifier>
      <Extensions>cpp;c;cc;cxx;def;odl;idl;hpj;bat;asm;asmx</Extensions>
    </Filter>
    <Filter Include="Header Files">
      <UniqueIdentifier>{93995380-89BD-4b04-88EB-625FBE52EBFB}</UniqueIdentifier>
      <Extensions>h;hh;hpp;hxx;hm;inl;inc;xsd</Extensions>
    </Filter>
    <Filter Include="Resource Files">
      <UniqueIdentifier>{67DA6AB6-F800-4c08-8B7A-83BB121AAD01}</UniqueIdentifier>
      <Extensions>rc;ico;cur;bmp;dlg;rc2;rct;bin;rgs;gif;jpg;jpeg;jpe;resx;tiff;tif;png;wav</Extensions>
    </Filter>
  </ItemGroup>
  <ItemGroup>
    <ClCompile Include="testweek2.cpp">
      <Filter>Source Files</Filter>
    </ClCompile>
    <ClCompile Include="src-week1-2\w1-1.cpp">
      <Filter>Source Files</Filter>
    </ClCompile>
    <ClCompile Include="src-week1-2\w1-2.cpp">
      <Filter>Source Files</Filter>
    </ClCompile>
    <ClCompile Include="src-week1-2\w1-3.cpp">
      <Filter>Source Files</Filter>
    </ClCompile>
    <ClCompile Include="src-week1-2\w1-4.cpp">
      <Filter>Source Files</Filter>
    </ClCompile>
    <ClCompile Include="src-week1-2\w1-5.cpp">
      <Filter>Source Files</Filter>
    </ClCompile>
    <ClCompile Include="src-week1-2\w1-6.cpp">
      <Filter>Source Files</Filter>
    </ClCompile>
    <ClCompile Include="src-week1-2\w1-7.cpp">
      <Filter>Source Files</Filter>
    </ClCompile>
    <ClCompile Include="src-week1-2\w1-8.cpp">
      <Filter>Source Files</Filter>
    </ClCompile>
    <ClCompile Include="src-week1-2\w1-9.cpp">
      <Filter>Source Files</Filter>
    </ClCompile>
    <ClCompile Include="src-week1-2\w2-1.cpp">
      <Filter>Source Files</Filter>
    </ClCompile>
    <ClCompile Include="src-week1-2\w2-2.cpp">
      <Filter>Source Files</Filter>
    </ClCompile>
    <ClCompile Include="src-week1-2\w2-3.cpp">
      <Filter>Source Files</Filter>
    </ClCompile>
    <ClCompile Include="src-week1-2\w2-4.cpp">
      <Filter>Source Files</Filter>
    </ClCompile>
    <ClCompile Include="src-week1-2\w2-5.cpp">
      <Filter>Source Files</Filter>
    </ClCompile>
    <ClCompile Include="src-week1-2\w2-6.cpp">
      <Filter>Source Files</Filter>
    </ClCompile>
    <ClCompile Include="src-week1-2\w2-7.cpp">
      <Filter>Source Files</Filter>
    </ClCompile>
    <ClCompile Include="src-week1-2\w2-8.cpp">
      <Filter>Source Files</Filter>
    </ClCompile>
    <ClCompile Include="src-week1-2\w2-9.cpp">
      <Filter>Source Files</Filter>
    </ClCompile>
    <ClCompile Include="src-week1-2\PeopleQueue.cpp">
      <Filter>Source Files</Filter>
    </ClCompile>
    <ClCompile Include="src-week1-2\w2-10.cpp">
      <Filter>Source Files</Filter>
    </ClCompile>
    <ClCompile Include="src-week1-2\Todo.cpp">
      <Filter>Source Files</Filter>
    </ClCompile>
    <ClCompile Include="src-week1-2\w2-11.cpp">
      <Filter>Source Files</Filter>
    </ClCompile>
    <ClCompile Include="src-week1-2\w2-12.cpp">
      <Filter>Source Files</Filter>
    </ClCompile>
    <ClCompile Include="src-week1-2\w2-13.cpp">
      <Filter>Source Files</Filter>
    </ClCompile>
    <ClCompile Include="src-week1-2\w2-14.cpp">
      <Filter>Source Files</Filter>
    </ClCompile>
    <ClCompile Include="src-week1-2\w2-15.cpp">
      <Filter>Source Files</Filter>
    </ClCompile>
    <ClCompile Include="src-week1-2\w2-16.cpp">
      <Filter>Source Files</Filter>
    </ClCompile>
    <ClCompile Include="src-week1-2\w2-17.cpp">
      <Filter>Source Files</Filter>
    </ClCompile>
    <ClCompile Include="src-week1-2\w2-18.cpp">
      <Filter>Source Files</Filter>
    </ClCompile>
    <ClCompile Include="main.cpp">
      <Filter>Source Files</Filter>
    </ClCompile>
    <ClCompile Include="src-week3\w3-1.cpp">
      <Filter>Source Files</Filter>
    </ClCompile>
    <ClCompile Include="testweek3.cpp">
      <Filter>Source Files</Filter>
    </ClCompile>
    <ClCompile Include="src-week3\w3-2.cpp">
      <Filter>Source Files</Filter>
    </ClCompile>
    <ClCompile Include="src-week3\w3-3.cpp">
      <Filter>Source Files</Filter>
    </ClCompile>
    <ClCompile Include="src-week3\w3-4.cpp">
      <Filter>Source Files</Filter>
    </ClCompile>
    <ClCompile Include="src-week3\w3-5.cpp">
      <Filter>Source Files</Filter>
    </ClCompile>
    <ClCompile Include="src-week3\w3-6.cpp">
      <Filter>Source Files</Filter>
    </ClCompile>
    <ClCompile Include="src-week3\w3-7.cpp">
      <Filter>Source Files</Filter>
    </ClCompile>
    <ClCompile Include="src-week3\w3-8.cpp">
      <Filter>Source Files</Filter>
    </ClCompile>
    <ClCompile Include="src-week4\w4-1.cpp">
      <Filter>Source Files</Filter>
    </ClCompile>
    <ClCompile Include="testweek4.cpp">
      <Filter>Source Files</Filter>
    </ClCompile>
    <ClCompile Include="src-week4\w4-2.cpp">
      <Filter>Source Files</Filter>
    </ClCompile>
    <ClCompile Include="src-week4\w4-3.cpp">
      <Filter>Source Files</Filter>
    </ClCompile>
    <ClCompile Include="src-week4\w4-4.cpp">
      <Filter>Source Files</Filter>
    </ClCompile>
    <ClCompile Include="src-week4\w4-5.cpp">
      <Filter>Source Files</Filter>
    </ClCompile>
    <ClCompile Include="src-week4\w4-6.cpp">
      <Filter>Source Files</Filter>
    </ClCompile>
    <ClCompile Include="src-week4\w4-7.cpp">
      <Filter>Source Files</Filter>
    </ClCompile>
    <ClCompile Include="src-week4\w4-8.cpp">
      <Filter>Source Files</Filter>
    </ClCompile>
    <ClCompile Include="src-week4\w4-9.cpp">
      <Filter>Source Files</Filter>
    </ClCompile>
    <ClCompile Include="src-week4\w4-10.cpp">
      <Filter>Source Files</Filter>
    </ClCompile>
    <ClCompile Include="src-week4\w4-11.cpp">
      <Filter>Source Files</Filter>
    </ClCompile>
    <ClCompile Include="src-week4\rational.cpp">
      <Filter>Source Files</Filter>
    </ClCompile>
    <ClCompile Include="src-week4\w4-12.cpp">
      <Filter>Source Files</Filter>
    </ClCompile>
    <ClCompile Include="src-week5\whitedb.cpp">
      <Filter>Source Files</Filter>
    </ClCompile>
    <ClCompile Include="src-week5\w5-1.cpp">
      <Filter>Source Files</Filter>
    </ClCompile>
    <ClCompile Include="src-week5\date.cpp">
      <Filter>Source Files</Filter>
    </ClCompile>
  </ItemGroup>
  <ItemGroup>
    <ClInclude Include="src-week1-2\VectorToString.hpp">
      <Filter>Header Files</Filter>
    </ClInclude>
    <ClInclude Include="src-week1-2\w2-6.hpp">
      <Filter>Header Files</Filter>
    </ClInclude>
    <ClInclude Include="src-week1-2\w2-9.hpp">
      <Filter>Header Files</Filter>
    </ClInclude>
    <ClInclude Include="src-week1-2\PeopleQueue.hpp">
      <Filter>Header Files</Filter>
    </ClInclude>
    <ClInclude Include="src-week1-2\Todo.hpp">
      <Filter>Header Files</Filter>
    </ClInclude>
    <ClInclude Include="src-week1-2\w2-8.hpp">
      <Filter>Header Files</Filter>
    </ClInclude>
    <ClInclude Include="src-week1-2\w2-10.hpp">
      <Filter>Header Files</Filter>
    </ClInclude>
    <ClInclude Include="src-week1-2\w2-11.hpp">
      <Filter>Header Files</Filter>
    </ClInclude>
    <ClInclude Include="src-week1-2\w2-12.hpp">
      <Filter>Header Files</Filter>
    </ClInclude>
    <ClInclude Include="src-week1-2\w2-13.hpp">
      <Filter>Header Files</Filter>
    </ClInclude>
    <ClInclude Include="src-week1-2\w2-14.hpp">
      <Filter>Header Files</Filter>
    </ClInclude>
    <ClInclude Include="src-week1-2\w2-15.hpp">
      <Filter>Header Files</Filter>
    </ClInclude>
    <ClInclude Include="src-week1-2\w2-16.hpp">
      <Filter>Header Files</Filter>
    </ClInclude>
    <ClInclude Include="src-week1-2\w2-17.hpp">
      <Filter>Header Files</Filter>
    </ClInclude>
    <ClInclude Include="src-week1-2\w2-18.hpp">
      <Filter>Header Files</Filter>
    </ClInclude>
    <ClInclude Include="src-week1-2\w2-7.hpp">
      <Filter>Header Files</Filter>
    </ClInclude>
    <ClInclude Include="src-week1-2\w2-5.hpp">
      <Filter>Header Files</Filter>
    </ClInclude>
    <ClInclude Include="src-week1-2\w2-1.hpp">
      <Filter>Header Files</Filter>
    </ClInclude>
    <ClInclude Include="src-week1-2\w2-2.hpp">
      <Filter>Header Files</Filter>
    </ClInclude>
    <ClInclude Include="src-week1-2\w2-3.hpp">
      <Filter>Header Files</Filter>
    </ClInclude>
    <ClInclude Include="src-week1-2\w2-4.hpp">
      <Filter>Header Files</Filter>
    </ClInclude>
    <ClInclude Include="src-week3\w3-1.hpp">
      <Filter>Header Files</Filter>
    </ClInclude>
    <ClInclude Include="src-week3\w3-2.hpp">
      <Filter>Header Files</Filter>
    </ClInclude>
    <ClInclude Include="src-week3\w3-3.hpp">
      <Filter>Header Files</Filter>
    </ClInclude>
    <ClInclude Include="src-week3\w3-4.hpp">
      <Filter>Header Files</Filter>
    </ClInclude>
    <ClInclude Include="src-week3\w3-5.hpp">
      <Filter>Header Files</Filter>
    </ClInclude>
    <ClInclude Include="src-week3\w3-6.hpp">
      <Filter>Header Files</Filter>
    </ClInclude>
    <ClInclude Include="src-week3\w3-7.hpp">
      <Filter>Header Files</Filter>
    </ClInclude>
    <ClInclude Include="src-week3\w3-8.hpp">
      <Filter>Header Files</Filter>
    </ClInclude>
    <ClInclude Include="src-week4\w4-1.hpp">
      <Filter>Header Files</Filter>
    </ClInclude>
    <ClInclude Include="src-week4\w4-2.hpp">
      <Filter>Header Files</Filter>
    </ClInclude>
    <ClInclude Include="src-week4\w4-3.hpp">
      <Filter>Header Files</Filter>
    </ClInclude>
    <ClInclude Include="src-week4\w4-4.hpp">
      <Filter>Header Files</Filter>
    </ClInclude>
    <ClInclude Include="src-week4\w4-5.hpp">
      <Filter>Header Files</Filter>
    </ClInclude>
    <ClInclude Include="src-week4\w4-6.hpp">
      <Filter>Header Files</Filter>
    </ClInclude>
    <ClInclude Include="src-week4\w4-7.hpp">
      <Filter>Header Files</Filter>
    </ClInclude>
    <ClInclude Include="src-week4\w4-8.hpp">
      <Filter>Header Files</Filter>
    </ClInclude>
    <ClInclude Include="src-week4\w4-9.hpp">
      <Filter>Header Files</Filter>
    </ClInclude>
    <ClInclude Include="src-week4\w4-10.hpp">
      <Filter>Header Files</Filter>
    </ClInclude>
    <ClInclude Include="src-week4\w4-11.hpp">
      <Filter>Header Files</Filter>
    </ClInclude>
    <ClInclude Include="src-week4\rational.hpp">
      <Filter>Header Files</Filter>
    </ClInclude>
    <ClInclude Include="src-week4\w4-12.hpp">
      <Filter>Header Files</Filter>
    </ClInclude>
    <ClInclude Include="src-week5\whitedb.hpp">
      <Filter>Header Files</Filter>
    </ClInclude>
    <ClInclude Include="src-week5\w5-1.hpp">
      <Filter>Header Files</Filter>
    </ClInclude>
    <ClInclude Include="src-week5\date.hpp">
      <Filter>Header Files</Filter>
    </ClInclude>
  </ItemGroup>
</Project>